// !$*UTF8*$!
{
	archiveVersion = 1;
	classes = {
	};
	objectVersion = 56;
	objects = {

/* Begin PBXBuildFile section */
		A7E802052B696C3000AC6850 /* PodHubApp.swift in Sources */ = {isa = PBXBuildFile; fileRef = A7E802042B696C3000AC6850 /* PodHubApp.swift */; };
		A7E802072B696C3000AC6850 /* ContentView.swift in Sources */ = {isa = PBXBuildFile; fileRef = A7E802062B696C3000AC6850 /* ContentView.swift */; };
		A7E802092B696C3200AC6850 /* Assets.xcassets in Resources */ = {isa = PBXBuildFile; fileRef = A7E802082B696C3200AC6850 /* Assets.xcassets */; };
		A7E8020C2B696C3200AC6850 /* Preview Assets.xcassets in Resources */ = {isa = PBXBuildFile; fileRef = A7E8020B2B696C3200AC6850 /* Preview Assets.xcassets */; };
		A7E802162B696C3300AC6850 /* PodHubTests.swift in Sources */ = {isa = PBXBuildFile; fileRef = A7E802152B696C3300AC6850 /* PodHubTests.swift */; };
		A7E802202B696C3300AC6850 /* PodHubUITests.swift in Sources */ = {isa = PBXBuildFile; fileRef = A7E8021F2B696C3300AC6850 /* PodHubUITests.swift */; };
		A7E802222B696C3300AC6850 /* PodHubUITestsLaunchTests.swift in Sources */ = {isa = PBXBuildFile; fileRef = A7E802212B696C3300AC6850 /* PodHubUITestsLaunchTests.swift */; };
/* End PBXBuildFile section */

/* Begin PBXContainerItemProxy section */
		A7E802122B696C3300AC6850 /* PBXContainerItemProxy */ = {
			isa = PBXContainerItemProxy;
			containerPortal = A7E801F92B696C3000AC6850 /* Project object */;
			proxyType = 1;
			remoteGlobalIDString = A7E802002B696C3000AC6850;
			remoteInfo = PodHub;
		};
		A7E8021C2B696C3300AC6850 /* PBXContainerItemProxy */ = {
			isa = PBXContainerItemProxy;
			containerPortal = A7E801F92B696C3000AC6850 /* Project object */;
			proxyType = 1;
			remoteGlobalIDString = A7E802002B696C3000AC6850;
			remoteInfo = PodHub;
		};
/* End PBXContainerItemProxy section */

/* Begin PBXFileReference section */
		A7E802012B696C3000AC6850 /* PodHub.app */ = {isa = PBXFileReference; explicitFileType = wrapper.application; includeInIndex = 0; path = PodHub.app; sourceTree = BUILT_PRODUCTS_DIR; };
		A7E802042B696C3000AC6850 /* PodHubApp.swift */ = {isa = PBXFileReference; lastKnownFileType = sourcecode.swift; path = PodHubApp.swift; sourceTree = "<group>"; };
		A7E802062B696C3000AC6850 /* ContentView.swift */ = {isa = PBXFileReference; lastKnownFileType = sourcecode.swift; path = ContentView.swift; sourceTree = "<group>"; };
		A7E802082B696C3200AC6850 /* Assets.xcassets */ = {isa = PBXFileReference; lastKnownFileType = folder.assetcatalog; path = Assets.xcassets; sourceTree = "<group>"; };
		A7E8020B2B696C3200AC6850 /* Preview Assets.xcassets */ = {isa = PBXFileReference; lastKnownFileType = folder.assetcatalog; path = "Preview Assets.xcassets"; sourceTree = "<group>"; };
		A7E802112B696C3300AC6850 /* PodHubTests.xctest */ = {isa = PBXFileReference; explicitFileType = wrapper.cfbundle; includeInIndex = 0; path = PodHubTests.xctest; sourceTree = BUILT_PRODUCTS_DIR; };
		A7E802152B696C3300AC6850 /* PodHubTests.swift */ = {isa = PBXFileReference; lastKnownFileType = sourcecode.swift; path = PodHubTests.swift; sourceTree = "<group>"; };
		A7E8021B2B696C3300AC6850 /* PodHubUITests.xctest */ = {isa = PBXFileReference; explicitFileType = wrapper.cfbundle; includeInIndex = 0; path = PodHubUITests.xctest; sourceTree = BUILT_PRODUCTS_DIR; };
		A7E8021F2B696C3300AC6850 /* PodHubUITests.swift */ = {isa = PBXFileReference; lastKnownFileType = sourcecode.swift; path = PodHubUITests.swift; sourceTree = "<group>"; };
		A7E802212B696C3300AC6850 /* PodHubUITestsLaunchTests.swift */ = {isa = PBXFileReference; lastKnownFileType = sourcecode.swift; path = PodHubUITestsLaunchTests.swift; sourceTree = "<group>"; };
/* End PBXFileReference section */

/* Begin PBXFrameworksBuildPhase section */
		A7E801FE2B696C3000AC6850 /* Frameworks */ = {
			isa = PBXFrameworksBuildPhase;
			buildActionMask = 2147483647;
			files = (
			);
			runOnlyForDeploymentPostprocessing = 0;
		};
		A7E8020E2B696C3300AC6850 /* Frameworks */ = {
			isa = PBXFrameworksBuildPhase;
			buildActionMask = 2147483647;
			files = (
			);
			runOnlyForDeploymentPostprocessing = 0;
		};
		A7E802182B696C3300AC6850 /* Frameworks */ = {
			isa = PBXFrameworksBuildPhase;
			buildActionMask = 2147483647;
			files = (
			);
			runOnlyForDeploymentPostprocessing = 0;
		};
/* End PBXFrameworksBuildPhase section */

/* Begin PBXGroup section */
		A7E801F82B696C3000AC6850 = {
			isa = PBXGroup;
			children = (
				A7E802032B696C3000AC6850 /* PodHub */,
				A7E802142B696C3300AC6850 /* PodHubTests */,
				A7E8021E2B696C3300AC6850 /* PodHubUITests */,
				A7E802022B696C3000AC6850 /* Products */,
			);
			sourceTree = "<group>";
		};
		A7E802022B696C3000AC6850 /* Products */ = {
			isa = PBXGroup;
			children = (
				A7E802012B696C3000AC6850 /* PodHub.app */,
				A7E802112B696C3300AC6850 /* PodHubTests.xctest */,
				A7E8021B2B696C3300AC6850 /* PodHubUITests.xctest */,
			);
			name = Products;
			sourceTree = "<group>";
		};
		A7E802032B696C3000AC6850 /* PodHub */ = {
			isa = PBXGroup;
			children = (
				A7E802042B696C3000AC6850 /* PodHubApp.swift */,
				A7E802062B696C3000AC6850 /* ContentView.swift */,
				A7E802082B696C3200AC6850 /* Assets.xcassets */,
				A7E8020A2B696C3200AC6850 /* Preview Content */,
			);
			path = PodHub;
			sourceTree = "<group>";
		};
		A7E8020A2B696C3200AC6850 /* Preview Content */ = {
			isa = PBXGroup;
			children = (
				A7E8020B2B696C3200AC6850 /* Preview Assets.xcassets */,
			);
			path = "Preview Content";
			sourceTree = "<group>";
		};
		A7E802142B696C3300AC6850 /* PodHubTests */ = {
			isa = PBXGroup;
			children = (
				A7E802152B696C3300AC6850 /* PodHubTests.swift */,
			);
			path = PodHubTests;
			sourceTree = "<group>";
		};
		A7E8021E2B696C3300AC6850 /* PodHubUITests */ = {
			isa = PBXGroup;
			children = (
				A7E8021F2B696C3300AC6850 /* PodHubUITests.swift */,
				A7E802212B696C3300AC6850 /* PodHubUITestsLaunchTests.swift */,
			);
			path = PodHubUITests;
			sourceTree = "<group>";
		};
/* End PBXGroup section */

/* Begin PBXNativeTarget section */
		A7E802002B696C3000AC6850 /* PodHub */ = {
			isa = PBXNativeTarget;
			buildConfigurationList = A7E802252B696C3300AC6850 /* Build configuration list for PBXNativeTarget "PodHub" */;
			buildPhases = (
				A7E801FD2B696C3000AC6850 /* Sources */,
				A7E801FE2B696C3000AC6850 /* Frameworks */,
				A7E801FF2B696C3000AC6850 /* Resources */,
			);
			buildRules = (
			);
			dependencies = (
			);
			name = PodHub;
			productName = PodHub;
			productReference = A7E802012B696C3000AC6850 /* PodHub.app */;
			productType = "com.apple.product-type.application";
		};
		A7E802102B696C3300AC6850 /* PodHubTests */ = {
			isa = PBXNativeTarget;
			buildConfigurationList = A7E802282B696C3300AC6850 /* Build configuration list for PBXNativeTarget "PodHubTests" */;
			buildPhases = (
				A7E8020D2B696C3300AC6850 /* Sources */,
				A7E8020E2B696C3300AC6850 /* Frameworks */,
				A7E8020F2B696C3300AC6850 /* Resources */,
			);
			buildRules = (
			);
			dependencies = (
				A7E802132B696C3300AC6850 /* PBXTargetDependency */,
			);
			name = PodHubTests;
			productName = PodHubTests;
			productReference = A7E802112B696C3300AC6850 /* PodHubTests.xctest */;
			productType = "com.apple.product-type.bundle.unit-test";
		};
		A7E8021A2B696C3300AC6850 /* PodHubUITests */ = {
			isa = PBXNativeTarget;
			buildConfigurationList = A7E8022B2B696C3300AC6850 /* Build configuration list for PBXNativeTarget "PodHubUITests" */;
			buildPhases = (
				A7E802172B696C3300AC6850 /* Sources */,
				A7E802182B696C3300AC6850 /* Frameworks */,
				A7E802192B696C3300AC6850 /* Resources */,
			);
			buildRules = (
			);
			dependencies = (
				A7E8021D2B696C3300AC6850 /* PBXTargetDependency */,
			);
			name = PodHubUITests;
			productName = PodHubUITests;
			productReference = A7E8021B2B696C3300AC6850 /* PodHubUITests.xctest */;
			productType = "com.apple.product-type.bundle.ui-testing";
		};
/* End PBXNativeTarget section */

/* Begin PBXProject section */
		A7E801F92B696C3000AC6850 /* Project object */ = {
			isa = PBXProject;
			attributes = {
				BuildIndependentTargetsInParallel = 1;
				LastSwiftUpdateCheck = 1520;
				LastUpgradeCheck = 1520;
				TargetAttributes = {
					A7E802002B696C3000AC6850 = {
						CreatedOnToolsVersion = 15.2;
					};
					A7E802102B696C3300AC6850 = {
						CreatedOnToolsVersion = 15.2;
						TestTargetID = A7E802002B696C3000AC6850;
					};
					A7E8021A2B696C3300AC6850 = {
						CreatedOnToolsVersion = 15.2;
						TestTargetID = A7E802002B696C3000AC6850;
					};
				};
			};
			buildConfigurationList = A7E801FC2B696C3000AC6850 /* Build configuration list for PBXProject "PodHub" */;
			compatibilityVersion = "Xcode 14.0";
			developmentRegion = en;
			hasScannedForEncodings = 0;
			knownRegions = (
				en,
				Base,
			);
			mainGroup = A7E801F82B696C3000AC6850;
			productRefGroup = A7E802022B696C3000AC6850 /* Products */;
			projectDirPath = "";
			projectRoot = "";
			targets = (
				A7E802002B696C3000AC6850 /* PodHub */,
				A7E802102B696C3300AC6850 /* PodHubTests */,
				A7E8021A2B696C3300AC6850 /* PodHubUITests */,
			);
		};
/* End PBXProject section */

/* Begin PBXResourcesBuildPhase section */
		A7E801FF2B696C3000AC6850 /* Resources */ = {
			isa = PBXResourcesBuildPhase;
			buildActionMask = 2147483647;
			files = (
				A7E8020C2B696C3200AC6850 /* Preview Assets.xcassets in Resources */,
				A7E802092B696C3200AC6850 /* Assets.xcassets in Resources */,
			);
			runOnlyForDeploymentPostprocessing = 0;
		};
		A7E8020F2B696C3300AC6850 /* Resources */ = {
			isa = PBXResourcesBuildPhase;
			buildActionMask = 2147483647;
			files = (
			);
			runOnlyForDeploymentPostprocessing = 0;
		};
		A7E802192B696C3300AC6850 /* Resources */ = {
			isa = PBXResourcesBuildPhase;
			buildActionMask = 2147483647;
			files = (
			);
			runOnlyForDeploymentPostprocessing = 0;
		};
/* End PBXResourcesBuildPhase section */

/* Begin PBXSourcesBuildPhase section */
		A7E801FD2B696C3000AC6850 /* Sources */ = {
			isa = PBXSourcesBuildPhase;
			buildActionMask = 2147483647;
			files = (
				A7E802072B696C3000AC6850 /* ContentView.swift in Sources */,
				A7E802052B696C3000AC6850 /* PodHubApp.swift in Sources */,
			);
			runOnlyForDeploymentPostprocessing = 0;
		};
		A7E8020D2B696C3300AC6850 /* Sources */ = {
			isa = PBXSourcesBuildPhase;
			buildActionMask = 2147483647;
			files = (
				A7E802162B696C3300AC6850 /* PodHubTests.swift in Sources */,
			);
			runOnlyForDeploymentPostprocessing = 0;
		};
		A7E802172B696C3300AC6850 /* Sources */ = {
			isa = PBXSourcesBuildPhase;
			buildActionMask = 2147483647;
			files = (
				A7E802222B696C3300AC6850 /* PodHubUITestsLaunchTests.swift in Sources */,
				A7E802202B696C3300AC6850 /* PodHubUITests.swift in Sources */,
			);
			runOnlyForDeploymentPostprocessing = 0;
		};
/* End PBXSourcesBuildPhase section */

/* Begin PBXTargetDependency section */
		A7E802132B696C3300AC6850 /* PBXTargetDependency */ = {
			isa = PBXTargetDependency;
			target = A7E802002B696C3000AC6850 /* PodHub */;
			targetProxy = A7E802122B696C3300AC6850 /* PBXContainerItemProxy */;
		};
		A7E8021D2B696C3300AC6850 /* PBXTargetDependency */ = {
			isa = PBXTargetDependency;
			target = A7E802002B696C3000AC6850 /* PodHub */;
			targetProxy = A7E8021C2B696C3300AC6850 /* PBXContainerItemProxy */;
		};
/* End PBXTargetDependency section */

/* Begin XCBuildConfiguration section */
		A7E802232B696C3300AC6850 /* Debug */ = {
			isa = XCBuildConfiguration;
			buildSettings = {
				ALWAYS_SEARCH_USER_PATHS = NO;
				ASSETCATALOG_COMPILER_GENERATE_SWIFT_ASSET_SYMBOL_EXTENSIONS = YES;
				CLANG_ANALYZER_NONNULL = YES;
				CLANG_ANALYZER_NUMBER_OBJECT_CONVERSION = YES_AGGRESSIVE;
				CLANG_CXX_LANGUAGE_STANDARD = "gnu++20";
				CLANG_ENABLE_MODULES = YES;
				CLANG_ENABLE_OBJC_ARC = YES;
				CLANG_ENABLE_OBJC_WEAK = YES;
				CLANG_WARN_BLOCK_CAPTURE_AUTORELEASING = YES;
				CLANG_WARN_BOOL_CONVERSION = YES;
				CLANG_WARN_COMMA = YES;
				CLANG_WARN_CONSTANT_CONVERSION = YES;
				CLANG_WARN_DEPRECATED_OBJC_IMPLEMENTATIONS = YES;
				CLANG_WARN_DIRECT_OBJC_ISA_USAGE = YES_ERROR;
				CLANG_WARN_DOCUMENTATION_COMMENTS = YES;
				CLANG_WARN_EMPTY_BODY = YES;
				CLANG_WARN_ENUM_CONVERSION = YES;
				CLANG_WARN_INFINITE_RECURSION = YES;
				CLANG_WARN_INT_CONVERSION = YES;
				CLANG_WARN_NON_LITERAL_NULL_CONVERSION = YES;
				CLANG_WARN_OBJC_IMPLICIT_RETAIN_SELF = YES;
				CLANG_WARN_OBJC_LITERAL_CONVERSION = YES;
				CLANG_WARN_OBJC_ROOT_CLASS = YES_ERROR;
				CLANG_WARN_QUOTED_INCLUDE_IN_FRAMEWORK_HEADER = YES;
				CLANG_WARN_RANGE_LOOP_ANALYSIS = YES;
				CLANG_WARN_STRICT_PROTOTYPES = YES;
				CLANG_WARN_SUSPICIOUS_MOVE = YES;
				CLANG_WARN_UNGUARDED_AVAILABILITY = YES_AGGRESSIVE;
				CLANG_WARN_UNREACHABLE_CODE = YES;
				CLANG_WARN__DUPLICATE_METHOD_MATCH = YES;
				COPY_PHASE_STRIP = NO;
				DEBUG_INFORMATION_FORMAT = dwarf;
				ENABLE_STRICT_OBJC_MSGSEND = YES;
				ENABLE_TESTABILITY = YES;
				ENABLE_USER_SCRIPT_SANDBOXING = YES;
				GCC_C_LANGUAGE_STANDARD = gnu17;
				GCC_DYNAMIC_NO_PIC = NO;
				GCC_NO_COMMON_BLOCKS = YES;
				GCC_OPTIMIZATION_LEVEL = 0;
				GCC_PREPROCESSOR_DEFINITIONS = (
					"DEBUG=1",
					"$(inherited)",
				);
				GCC_WARN_64_TO_32_BIT_CONVERSION = YES;
				GCC_WARN_ABOUT_RETURN_TYPE = YES_ERROR;
				GCC_WARN_UNDECLARED_SELECTOR = YES;
				GCC_WARN_UNINITIALIZED_AUTOS = YES_AGGRESSIVE;
				GCC_WARN_UNUSED_FUNCTION = YES;
				GCC_WARN_UNUSED_VARIABLE = YES;
				IPHONEOS_DEPLOYMENT_TARGET = 17.2;
				LOCALIZATION_PREFERS_STRING_CATALOGS = YES;
				MTL_ENABLE_DEBUG_INFO = INCLUDE_SOURCE;
				MTL_FAST_MATH = YES;
				ONLY_ACTIVE_ARCH = YES;
				SDKROOT = iphoneos;
				SWIFT_ACTIVE_COMPILATION_CONDITIONS = "DEBUG $(inherited)";
				SWIFT_OPTIMIZATION_LEVEL = "-Onone";
			};
			name = Debug;
		};
		A7E802242B696C3300AC6850 /* Release */ = {
			isa = XCBuildConfiguration;
			buildSettings = {
				ALWAYS_SEARCH_USER_PATHS = NO;
				ASSETCATALOG_COMPILER_GENERATE_SWIFT_ASSET_SYMBOL_EXTENSIONS = YES;
				CLANG_ANALYZER_NONNULL = YES;
				CLANG_ANALYZER_NUMBER_OBJECT_CONVERSION = YES_AGGRESSIVE;
				CLANG_CXX_LANGUAGE_STANDARD = "gnu++20";
				CLANG_ENABLE_MODULES = YES;
				CLANG_ENABLE_OBJC_ARC = YES;
				CLANG_ENABLE_OBJC_WEAK = YES;
				CLANG_WARN_BLOCK_CAPTURE_AUTORELEASING = YES;
				CLANG_WARN_BOOL_CONVERSION = YES;
				CLANG_WARN_COMMA = YES;
				CLANG_WARN_CONSTANT_CONVERSION = YES;
				CLANG_WARN_DEPRECATED_OBJC_IMPLEMENTATIONS = YES;
				CLANG_WARN_DIRECT_OBJC_ISA_USAGE = YES_ERROR;
				CLANG_WARN_DOCUMENTATION_COMMENTS = YES;
				CLANG_WARN_EMPTY_BODY = YES;
				CLANG_WARN_ENUM_CONVERSION = YES;
				CLANG_WARN_INFINITE_RECURSION = YES;
				CLANG_WARN_INT_CONVERSION = YES;
				CLANG_WARN_NON_LITERAL_NULL_CONVERSION = YES;
				CLANG_WARN_OBJC_IMPLICIT_RETAIN_SELF = YES;
				CLANG_WARN_OBJC_LITERAL_CONVERSION = YES;
				CLANG_WARN_OBJC_ROOT_CLASS = YES_ERROR;
				CLANG_WARN_QUOTED_INCLUDE_IN_FRAMEWORK_HEADER = YES;
				CLANG_WARN_RANGE_LOOP_ANALYSIS = YES;
				CLANG_WARN_STRICT_PROTOTYPES = YES;
				CLANG_WARN_SUSPICIOUS_MOVE = YES;
				CLANG_WARN_UNGUARDED_AVAILABILITY = YES_AGGRESSIVE;
				CLANG_WARN_UNREACHABLE_CODE = YES;
				CLANG_WARN__DUPLICATE_METHOD_MATCH = YES;
				COPY_PHASE_STRIP = NO;
				DEBUG_INFORMATION_FORMAT = "dwarf-with-dsym";
				ENABLE_NS_ASSERTIONS = NO;
				ENABLE_STRICT_OBJC_MSGSEND = YES;
				ENABLE_USER_SCRIPT_SANDBOXING = YES;
				GCC_C_LANGUAGE_STANDARD = gnu17;
				GCC_NO_COMMON_BLOCKS = YES;
				GCC_WARN_64_TO_32_BIT_CONVERSION = YES;
				GCC_WARN_ABOUT_RETURN_TYPE = YES_ERROR;
				GCC_WARN_UNDECLARED_SELECTOR = YES;
				GCC_WARN_UNINITIALIZED_AUTOS = YES_AGGRESSIVE;
				GCC_WARN_UNUSED_FUNCTION = YES;
				GCC_WARN_UNUSED_VARIABLE = YES;
				IPHONEOS_DEPLOYMENT_TARGET = 17.2;
				LOCALIZATION_PREFERS_STRING_CATALOGS = YES;
				MTL_ENABLE_DEBUG_INFO = NO;
				MTL_FAST_MATH = YES;
				SDKROOT = iphoneos;
				SWIFT_COMPILATION_MODE = wholemodule;
				VALIDATE_PRODUCT = YES;
			};
			name = Release;
		};
		A7E802262B696C3300AC6850 /* Debug */ = {
			isa = XCBuildConfiguration;
			buildSettings = {
				ASSETCATALOG_COMPILER_APPICON_NAME = AppIcon;
				ASSETCATALOG_COMPILER_GLOBAL_ACCENT_COLOR_NAME = AccentColor;
				CODE_SIGN_STYLE = Automatic;
				CURRENT_PROJECT_VERSION = 1;
				DEVELOPMENT_ASSET_PATHS = "\"PodHub/Preview Content\"";
				DEVELOPMENT_TEAM = BY9634L7U5;
				ENABLE_PREVIEWS = YES;
				GENERATE_INFOPLIST_FILE = YES;
				INFOPLIST_KEY_UIApplicationSceneManifest_Generation = YES;
				INFOPLIST_KEY_UIApplicationSupportsIndirectInputEvents = YES;
				INFOPLIST_KEY_UILaunchScreen_Generation = YES;
				INFOPLIST_KEY_UISupportedInterfaceOrientations_iPad = "UIInterfaceOrientationPortrait UIInterfaceOrientationPortraitUpsideDown UIInterfaceOrientationLandscapeLeft UIInterfaceOrientationLandscapeRight";
				INFOPLIST_KEY_UISupportedInterfaceOrientations_iPhone = "UIInterfaceOrientationPortrait UIInterfaceOrientationLandscapeLeft UIInterfaceOrientationLandscapeRight";
				LD_RUNPATH_SEARCH_PATHS = (
					"$(inherited)",
					"@executable_path/Frameworks",
				);
				MARKETING_VERSION = 1.0;
				PRODUCT_BUNDLE_IDENTIFIER = "Manikanta-Sirumalla.PodHub";
				PRODUCT_NAME = "$(TARGET_NAME)";
				SWIFT_EMIT_LOC_STRINGS = YES;
				SWIFT_VERSION = 5.0;
				TARGETED_DEVICE_FAMILY = "1,2";
			};
			name = Debug;
		};
		A7E802272B696C3300AC6850 /* Release */ = {
			isa = XCBuildConfiguration;
			buildSettings = {
				ASSETCATALOG_COMPILER_APPICON_NAME = AppIcon;
				ASSETCATALOG_COMPILER_GLOBAL_ACCENT_COLOR_NAME = AccentColor;
				CODE_SIGN_STYLE = Automatic;
				CURRENT_PROJECT_VERSION = 1;
				DEVELOPMENT_ASSET_PATHS = "\"PodHub/Preview Content\"";
				DEVELOPMENT_TEAM = BY9634L7U5;
				ENABLE_PREVIEWS = YES;
				GENERATE_INFOPLIST_FILE = YES;
				INFOPLIST_KEY_UIApplicationSceneManifest_Generation = YES;
				INFOPLIST_KEY_UIApplicationSupportsIndirectInputEvents = YES;
				INFOPLIST_KEY_UILaunchScreen_Generation = YES;
				INFOPLIST_KEY_UISupportedInterfaceOrientations_iPad = "UIInterfaceOrientationPortrait UIInterfaceOrientationPortraitUpsideDown UIInterfaceOrientationLandscapeLeft UIInterfaceOrientationLandscapeRight";
				INFOPLIST_KEY_UISupportedInterfaceOrientations_iPhone = "UIInterfaceOrientationPortrait UIInterfaceOrientationLandscapeLeft UIInterfaceOrientationLandscapeRight";
				LD_RUNPATH_SEARCH_PATHS = (
					"$(inherited)",
					"@executable_path/Frameworks",
				);
				MARKETING_VERSION = 1.0;
				PRODUCT_BUNDLE_IDENTIFIER = "Manikanta-Sirumalla.PodHub";
				PRODUCT_NAME = "$(TARGET_NAME)";
				SWIFT_EMIT_LOC_STRINGS = YES;
				SWIFT_VERSION = 5.0;
				TARGETED_DEVICE_FAMILY = "1,2";
			};
			name = Release;
		};
		A7E802292B696C3300AC6850 /* Debug */ = {
			isa = XCBuildConfiguration;
			buildSettings = {
				ALWAYS_EMBED_SWIFT_STANDARD_LIBRARIES = YES;
				BUNDLE_LOADER = "$(TEST_HOST)";
				CODE_SIGN_STYLE = Automatic;
				CURRENT_PROJECT_VERSION = 1;
				DEVELOPMENT_TEAM = BY9634L7U5;
				GENERATE_INFOPLIST_FILE = YES;
				IPHONEOS_DEPLOYMENT_TARGET = 17.2;
				MARKETING_VERSION = 1.0;
				PRODUCT_BUNDLE_IDENTIFIER = "Manikanta-Sirumalla.PodHubTests";
				PRODUCT_NAME = "$(TARGET_NAME)";
				SWIFT_EMIT_LOC_STRINGS = NO;
				SWIFT_VERSION = 5.0;
				TARGETED_DEVICE_FAMILY = "1,2";
				TEST_HOST = "$(BUILT_PRODUCTS_DIR)/PodHub.app/$(BUNDLE_EXECUTABLE_FOLDER_PATH)/PodHub";
			};
			name = Debug;
		};
		A7E8022A2B696C3300AC6850 /* Release */ = {
			isa = XCBuildConfiguration;
			buildSettings = {
				ALWAYS_EMBED_SWIFT_STANDARD_LIBRARIES = YES;
				BUNDLE_LOADER = "$(TEST_HOST)";
				CODE_SIGN_STYLE = Automatic;
				CURRENT_PROJECT_VERSION = 1;
				DEVELOPMENT_TEAM = BY9634L7U5;
				GENERATE_INFOPLIST_FILE = YES;
				IPHONEOS_DEPLOYMENT_TARGET = 17.2;
				MARKETING_VERSION = 1.0;
				PRODUCT_BUNDLE_IDENTIFIER = "Manikanta-Sirumalla.PodHubTests";
				PRODUCT_NAME = "$(TARGET_NAME)";
				SWIFT_EMIT_LOC_STRINGS = NO;
				SWIFT_VERSION = 5.0;
				TARGETED_DEVICE_FAMILY = "1,2";
				TEST_HOST = "$(BUILT_PRODUCTS_DIR)/PodHub.app/$(BUNDLE_EXECUTABLE_FOLDER_PATH)/PodHub";
			};
			name = Release;
		};
		A7E8022C2B696C3300AC6850 /* Debug */ = {
			isa = XCBuildConfiguration;
			buildSettings = {
				ALWAYS_EMBED_SWIFT_STANDARD_LIBRARIES = YES;
				CODE_SIGN_STYLE = Automatic;
				CURRENT_PROJECT_VERSION = 1;
				DEVELOPMENT_TEAM = BY9634L7U5;
				GENERATE_INFOPLIST_FILE = YES;
				MARKETING_VERSION = 1.0;
				PRODUCT_BUNDLE_IDENTIFIER = "Manikanta-Sirumalla.PodHubUITests";
				PRODUCT_NAME = "$(TARGET_NAME)";
				SWIFT_EMIT_LOC_STRINGS = NO;
				SWIFT_VERSION = 5.0;
				TARGETED_DEVICE_FAMILY = "1,2";
				TEST_TARGET_NAME = PodHub;
			};
			name = Debug;
		};
		A7E8022D2B696C3300AC6850 /* Release */ = {
			isa = XCBuildConfiguration;
			buildSettings = {
				ALWAYS_EMBED_SWIFT_STANDARD_LIBRARIES = YES;
				CODE_SIGN_STYLE = Automatic;
				CURRENT_PROJECT_VERSION = 1;
				DEVELOPMENT_TEAM = BY9634L7U5;
				GENERATE_INFOPLIST_FILE = YES;
				MARKETING_VERSION = 1.0;
				PRODUCT_BUNDLE_IDENTIFIER = "Manikanta-Sirumalla.PodHubUITests";
				PRODUCT_NAME = "$(TARGET_NAME)";
				SWIFT_EMIT_LOC_STRINGS = NO;
				SWIFT_VERSION = 5.0;
				TARGETED_DEVICE_FAMILY = "1,2";
				TEST_TARGET_NAME = PodHub;
			};
			name = Release;
		};
/* End XCBuildConfiguration section */

/* Begin XCConfigurationList section */
		A7E801FC2B696C3000AC6850 /* Build configuration list for PBXProject "PodHub" */ = {
			isa = XCConfigurationList;
			buildConfigurations = (
				A7E802232B696C3300AC6850 /* Debug */,
				A7E802242B696C3300AC6850 /* Release */,
			);
			defaultConfigurationIsVisible = 0;
			defaultConfigurationName = Release;
		};
		A7E802252B696C3300AC6850 /* Build configuration list for PBXNativeTarget "PodHub" */ = {
			isa = XCConfigurationList;
			buildConfigurations = (
				A7E802262B696C3300AC6850 /* Debug */,
				A7E802272B696C3300AC6850 /* Release */,
			);
			defaultConfigurationIsVisible = 0;
			defaultConfigurationName = Release;
		};
		A7E802282B696C3300AC6850 /* Build configuration list for PBXNativeTarget "PodHubTests" */ = {
			isa = XCConfigurationList;
			buildConfigurations = (
				A7E802292B696C3300AC6850 /* Debug */,
				A7E8022A2B696C3300AC6850 /* Release */,
			);
			defaultConfigurationIsVisible = 0;
			defaultConfigurationName = Release;
		};
		A7E8022B2B696C3300AC6850 /* Build configuration list for PBXNativeTarget "PodHubUITests" */ = {
			isa = XCConfigurationList;
			buildConfigurations = (
				A7E8022C2B696C3300AC6850 /* Debug */,
				A7E8022D2B696C3300AC6850 /* Release */,
			);
			defaultConfigurationIsVisible = 0;
			defaultConfigurationName = Release;
		};
/* End XCConfigurationList section */
	};
	rootObject = A7E801F92B696C3000AC6850 /* Project object */;
}
